PODS:
  - assets_audio_play (0.0.1):
    - Flutter
  - Flutter (1.0.0)

DEPENDENCIES:
  - assets_audio_play (from `.symlinks/plugins/assets_audio_play/ios`)
  - Flutter (from `Flutter`)

EXTERNAL SOURCES:
  assets_audio_play:
    :path: ".symlinks/plugins/assets_audio_play/ios"
  Flutter:
    :path: Flutter

SPEC CHECKSUMS:
  assets_audio_play: 99eb699b5c59d6166ce5fd969c43cdd4fecd9618
  Flutter: 0e3d915762c693b495b44d77113d4970485de6ec

PODFILE CHECKSUM: 3dbe063e9c90a5d7c9e4e76e70a821b9e2c1d271

COCOAPODS: 1.7.4
