PODS:
  - assets_audio_play (0.0.1):
    - Flutter
  - Flutter (1.0.0)

DEPENDENCIES:
  - assets_audio_play (from `.symlinks/plugins/assets_audio_play/ios`)
  - Flutter (from `Flutter`)

EXTERNAL SOURCES:
  assets_audio_play:
    :path: ".symlinks/plugins/assets_audio_play/ios"
  Flutter:
    :path: Flutter

SPEC CHECKSUMS:
  assets_audio_play: 99eb699b5c59d6166ce5fd969c43cdd4fecd9618
  Flutter: 50d75fe2f02b26cc09d224853bb45737f8b3214a

PODFILE CHECKSUM: 9071073bf220d78fce77ea1be83e55df037bd641

COCOAPODS: 1.11.0
